
Microsoft Visual Studio Solution File, Format Version 12.00
# Visual Studio Version 16
VisualStudioVersion = 16.0.29025.244
MinimumVisualStudioVersion = 10.0.40219.1
Project("{FAE04EC0-301F-11D3-BF4B-00C04F79EFBC}") = "CoreOne", "CoreOne.csproj", "{BB49B000-DBB0-4DA9-9559-946B45BA7174}"
EndProject
Global
	GlobalSection(SolutionConfigurationPlatforms) = preSolution
		Debug|Any CPU = Debug|Any CPU
		Release|Any CPU = Release|Any CPU
	EndGlobalSection
	GlobalSection(ProjectConfigurationPlatforms) = postSolution
		{BB49B000-DBB0-4DA9-9559-946B45BA7174}.Debug|Any CPU.ActiveCfg = Debug|Any CPU
		{BB49B000-DBB0-4DA9-9559-946B45BA7174}.Debug|Any CPU.Build.0 = Debug|Any CPU
		{BB49B000-DBB0-4DA9-9559-946B45BA7174}.Release|Any CPU.ActiveCfg = Release|Any CPU
		{BB49B000-DBB0-4DA9-9559-946B45BA7174}.Release|Any CPU.Build.0 = Release|Any CPU
	EndGlobalSection
	GlobalSection(SolutionProperties) = preSolution
		HideSolutionNode = FALSE
	EndGlobalSection
	GlobalSection(ExtensibilityGlobals) = postSolution
		SolutionGuid = {EE3C0BB6-FBA0-408F-A656-BF3C200411D4}
	EndGlobalSection
EndGlobal
